{
  "name": "in-the-beginning-was-the-command-line",
  "version": "2.0.0",
  "lockfileVersion": 2,
  "requires": true,
  "packages": {
    "": {
      "version": "2.0.0",
      "license": "MIT",
      "dependencies": {
        "intersection-observer": "latest",
        "scrollprogress": "^3.0.2"
      }
    },
    "node_modules/intersection-observer": {
      "version": "0.12.0",
      "resolved": "https://registry.npmjs.org/intersection-observer/-/intersection-observer-0.12.0.tgz",
      "integrity": "sha512-2Vkz8z46Dv401zTWudDGwO7KiGHNDkMv417T5ItcNYfmvHR/1qCTVBO9vwH8zZmQ0WkA/1ARwpysR9bsnop4NQ=="
    },
    "node_modules/scrollprogress": {
      "version": "3.0.2",
      "resolved": "https://registry.npmjs.org/scrollprogress/-/scrollprogress-3.0.2.tgz",
      "integrity": "sha1-azbBALVf4+9h/XoX3VLdax5GioE="
    }
  },
  "dependencies": {
    "intersection-observer": {
      "version": "0.12.0",
      "resolved": "https://registry.npmjs.org/intersection-observer/-/intersection-observer-0.12.0.tgz",
      "integrity": "sha512-2Vkz8z46Dv401zTWudDGwO7KiGHNDkMv417T5ItcNYfmvHR/1qCTVBO9vwH8zZmQ0WkA/1ARwpysR9bsnop4NQ=="
    },
    "scrollprogress": {
      "version": "3.0.2",
      "resolved": "https://registry.npmjs.org/scrollprogress/-/scrollprogress-3.0.2.tgz",
      "integrity": "sha1-azbBALVf4+9h/XoX3VLdax5GioE="
    }
  }
}
